
Microsoft Visual Studio Solution File, Format Version 12.00
# Visual Studio Version 17
VisualStudioVersion = 17.7.34024.191
MinimumVisualStudioVersion = 10.0.40219.1
Project("{FAE04EC0-301F-11D3-BF4B-00C04F79EFBC}") = "WF1", "WF1\WF1.csproj", "{7785118A-4189-4EAA-A8E0-C574E732F78E}"
EndProject
Global
	GlobalSection(SolutionConfigurationPlatforms) = preSolution
		Debug|Any CPU = Debug|Any CPU
		Release|Any CPU = Release|Any CPU
	EndGlobalSection
	GlobalSection(ProjectConfigurationPlatforms) = postSolution
		{7785118A-4189-4EAA-A8E0-C574E732F78E}.Debug|Any CPU.ActiveCfg = Debug|Any CPU
		{7785118A-4189-4EAA-A8E0-C574E732F78E}.Debug|Any CPU.Build.0 = Debug|Any CPU
		{7785118A-4189-4EAA-A8E0-C574E732F78E}.Release|Any CPU.ActiveCfg = Release|Any CPU
		{7785118A-4189-4EAA-A8E0-C574E732F78E}.Release|Any CPU.Build.0 = Release|Any CPU
	EndGlobalSection
	GlobalSection(SolutionProperties) = preSolution
		HideSolutionNode = FALSE
	EndGlobalSection
	GlobalSection(ExtensibilityGlobals) = postSolution
		SolutionGuid = {8F37D1C3-47B7-4A1A-8788-C0E4B1D81325}
	EndGlobalSection
EndGlobal
