
Microsoft Visual Studio Solution File, Format Version 12.00
# Visual Studio Version 17
VisualStudioVersion = 17.7.34024.191
MinimumVisualStudioVersion = 10.0.40219.1
Project("{FAE04EC0-301F-11D3-BF4B-00C04F79EFBC}") = "WF3", "WF3\WF3.csproj", "{EC8D9BBC-80D9-4B19-B25F-4B2F628B078F}"
EndProject
Global
	GlobalSection(SolutionConfigurationPlatforms) = preSolution
		Debug|Any CPU = Debug|Any CPU
		Release|Any CPU = Release|Any CPU
	EndGlobalSection
	GlobalSection(ProjectConfigurationPlatforms) = postSolution
		{EC8D9BBC-80D9-4B19-B25F-4B2F628B078F}.Debug|Any CPU.ActiveCfg = Debug|Any CPU
		{EC8D9BBC-80D9-4B19-B25F-4B2F628B078F}.Debug|Any CPU.Build.0 = Debug|Any CPU
		{EC8D9BBC-80D9-4B19-B25F-4B2F628B078F}.Release|Any CPU.ActiveCfg = Release|Any CPU
		{EC8D9BBC-80D9-4B19-B25F-4B2F628B078F}.Release|Any CPU.Build.0 = Release|Any CPU
	EndGlobalSection
	GlobalSection(SolutionProperties) = preSolution
		HideSolutionNode = FALSE
	EndGlobalSection
	GlobalSection(ExtensibilityGlobals) = postSolution
		SolutionGuid = {E38E154D-7B80-4154-928D-E225B11033D8}
	EndGlobalSection
EndGlobal
