
Microsoft Visual Studio Solution File, Format Version 12.00
# Visual Studio Version 17
VisualStudioVersion = 17.7.34024.191
MinimumVisualStudioVersion = 10.0.40219.1
Project("{FAE04EC0-301F-11D3-BF4B-00C04F79EFBC}") = "WF4", "WF4\WF4.csproj", "{96FCF786-9B65-44C2-A0A5-B686E9360B2F}"
EndProject
Global
	GlobalSection(SolutionConfigurationPlatforms) = preSolution
		Debug|Any CPU = Debug|Any CPU
		Release|Any CPU = Release|Any CPU
	EndGlobalSection
	GlobalSection(ProjectConfigurationPlatforms) = postSolution
		{96FCF786-9B65-44C2-A0A5-B686E9360B2F}.Debug|Any CPU.ActiveCfg = Debug|Any CPU
		{96FCF786-9B65-44C2-A0A5-B686E9360B2F}.Debug|Any CPU.Build.0 = Debug|Any CPU
		{96FCF786-9B65-44C2-A0A5-B686E9360B2F}.Release|Any CPU.ActiveCfg = Release|Any CPU
		{96FCF786-9B65-44C2-A0A5-B686E9360B2F}.Release|Any CPU.Build.0 = Release|Any CPU
	EndGlobalSection
	GlobalSection(SolutionProperties) = preSolution
		HideSolutionNode = FALSE
	EndGlobalSection
	GlobalSection(ExtensibilityGlobals) = postSolution
		SolutionGuid = {11EBFB16-0908-4B12-9484-E0C3FB4CB889}
	EndGlobalSection
EndGlobal
